
Microsoft Visual Studio Solution File, Format Version 12.00
# Visual Studio 15
VisualStudioVersion = 15.0.28307.102
MinimumVisualStudioVersion = 10.0.40219.1
Project("{FAE04EC0-301F-11D3-BF4B-00C04F79EFBC}") = "7.1", "7.1\7.1.csproj", "{F6F4708B-3C49-4B76-8604-D892C0A89877}"
EndProject
Project("{FAE04EC0-301F-11D3-BF4B-00C04F79EFBC}") = "7.4", "7.4\7.4.csproj", "{92271156-99A0-46F7-B3B3-5924F6254581}"
EndProject
Project("{FAE04EC0-301F-11D3-BF4B-00C04F79EFBC}") = "7.3", "7.3\7.3.csproj", "{8E5A466F-41CA-43AB-90BB-A78E22AFB994}"
EndProject
Project("{FAE04EC0-301F-11D3-BF4B-00C04F79EFBC}") = "7.8", "7.8\7.8.csproj", "{EBB77D8A-2C23-48D6-9C83-ACA968B56170}"
EndProject
Project("{FAE04EC0-301F-11D3-BF4B-00C04F79EFBC}") = "7.12", "7.12\7.12.csproj", "{7941A4A4-7108-436F-93E0-A7DA7BFDB684}"
EndProject
<<<<<<< HEAD
Project("{FAE04EC0-301F-11D3-BF4B-00C04F79EFBC}") = "test", "test\test.csproj", "{035B3108-AA9A-43F3-85D9-F67BC4131575}"
=======
Project("{FAE04EC0-301F-11D3-BF4B-00C04F79EFBC}") = "7.2", "7.2\7.2.csproj", "{58A805D7-9E0A-4DB9-8891-9C52FB0B2F1F}"
EndProject
Project("{FAE04EC0-301F-11D3-BF4B-00C04F79EFBC}") = "7.6", "7.6\7.6.csproj", "{C5912DA6-E71C-4695-B787-F0272295ECBE}"
EndProject
Project("{FAE04EC0-301F-11D3-BF4B-00C04F79EFBC}") = "7.10", "7.10\7.10.csproj", "{C0D4C25C-FE48-4D1B-91EB-7F714A307210}"
>>>>>>> 9654471f848074572a32d04efac71f0816a1aad6
EndProject
Global
	GlobalSection(SolutionConfigurationPlatforms) = preSolution
		Debug|Any CPU = Debug|Any CPU
		Release|Any CPU = Release|Any CPU
	EndGlobalSection
	GlobalSection(ProjectConfigurationPlatforms) = postSolution
		{F6F4708B-3C49-4B76-8604-D892C0A89877}.Debug|Any CPU.ActiveCfg = Debug|Any CPU
		{F6F4708B-3C49-4B76-8604-D892C0A89877}.Debug|Any CPU.Build.0 = Debug|Any CPU
		{F6F4708B-3C49-4B76-8604-D892C0A89877}.Release|Any CPU.ActiveCfg = Release|Any CPU
		{F6F4708B-3C49-4B76-8604-D892C0A89877}.Release|Any CPU.Build.0 = Release|Any CPU
		{92271156-99A0-46F7-B3B3-5924F6254581}.Debug|Any CPU.ActiveCfg = Debug|Any CPU
		{92271156-99A0-46F7-B3B3-5924F6254581}.Debug|Any CPU.Build.0 = Debug|Any CPU
		{92271156-99A0-46F7-B3B3-5924F6254581}.Release|Any CPU.ActiveCfg = Release|Any CPU
		{92271156-99A0-46F7-B3B3-5924F6254581}.Release|Any CPU.Build.0 = Release|Any CPU
		{8E5A466F-41CA-43AB-90BB-A78E22AFB994}.Debug|Any CPU.ActiveCfg = Debug|Any CPU
		{8E5A466F-41CA-43AB-90BB-A78E22AFB994}.Debug|Any CPU.Build.0 = Debug|Any CPU
		{8E5A466F-41CA-43AB-90BB-A78E22AFB994}.Release|Any CPU.ActiveCfg = Release|Any CPU
		{8E5A466F-41CA-43AB-90BB-A78E22AFB994}.Release|Any CPU.Build.0 = Release|Any CPU
		{EBB77D8A-2C23-48D6-9C83-ACA968B56170}.Debug|Any CPU.ActiveCfg = Debug|Any CPU
		{EBB77D8A-2C23-48D6-9C83-ACA968B56170}.Debug|Any CPU.Build.0 = Debug|Any CPU
		{EBB77D8A-2C23-48D6-9C83-ACA968B56170}.Release|Any CPU.ActiveCfg = Release|Any CPU
		{EBB77D8A-2C23-48D6-9C83-ACA968B56170}.Release|Any CPU.Build.0 = Release|Any CPU
		{7941A4A4-7108-436F-93E0-A7DA7BFDB684}.Debug|Any CPU.ActiveCfg = Debug|Any CPU
		{7941A4A4-7108-436F-93E0-A7DA7BFDB684}.Debug|Any CPU.Build.0 = Debug|Any CPU
		{7941A4A4-7108-436F-93E0-A7DA7BFDB684}.Release|Any CPU.ActiveCfg = Release|Any CPU
		{7941A4A4-7108-436F-93E0-A7DA7BFDB684}.Release|Any CPU.Build.0 = Release|Any CPU
<<<<<<< HEAD
		{035B3108-AA9A-43F3-85D9-F67BC4131575}.Debug|Any CPU.ActiveCfg = Debug|Any CPU
		{035B3108-AA9A-43F3-85D9-F67BC4131575}.Debug|Any CPU.Build.0 = Debug|Any CPU
		{035B3108-AA9A-43F3-85D9-F67BC4131575}.Release|Any CPU.ActiveCfg = Release|Any CPU
		{035B3108-AA9A-43F3-85D9-F67BC4131575}.Release|Any CPU.Build.0 = Release|Any CPU
=======
		{58A805D7-9E0A-4DB9-8891-9C52FB0B2F1F}.Debug|Any CPU.ActiveCfg = Debug|Any CPU
		{58A805D7-9E0A-4DB9-8891-9C52FB0B2F1F}.Debug|Any CPU.Build.0 = Debug|Any CPU
		{58A805D7-9E0A-4DB9-8891-9C52FB0B2F1F}.Release|Any CPU.ActiveCfg = Release|Any CPU
		{58A805D7-9E0A-4DB9-8891-9C52FB0B2F1F}.Release|Any CPU.Build.0 = Release|Any CPU
		{C5912DA6-E71C-4695-B787-F0272295ECBE}.Debug|Any CPU.ActiveCfg = Debug|Any CPU
		{C5912DA6-E71C-4695-B787-F0272295ECBE}.Debug|Any CPU.Build.0 = Debug|Any CPU
		{C5912DA6-E71C-4695-B787-F0272295ECBE}.Release|Any CPU.ActiveCfg = Release|Any CPU
		{C5912DA6-E71C-4695-B787-F0272295ECBE}.Release|Any CPU.Build.0 = Release|Any CPU
		{C0D4C25C-FE48-4D1B-91EB-7F714A307210}.Debug|Any CPU.ActiveCfg = Debug|Any CPU
		{C0D4C25C-FE48-4D1B-91EB-7F714A307210}.Debug|Any CPU.Build.0 = Debug|Any CPU
		{C0D4C25C-FE48-4D1B-91EB-7F714A307210}.Release|Any CPU.ActiveCfg = Release|Any CPU
		{C0D4C25C-FE48-4D1B-91EB-7F714A307210}.Release|Any CPU.Build.0 = Release|Any CPU
>>>>>>> 9654471f848074572a32d04efac71f0816a1aad6
	EndGlobalSection
	GlobalSection(SolutionProperties) = preSolution
		HideSolutionNode = FALSE
	EndGlobalSection
	GlobalSection(ExtensibilityGlobals) = postSolution
		SolutionGuid = {54446BCB-6520-459E-85FA-A54DD7FD1854}
	EndGlobalSection
EndGlobal
