
Microsoft Visual Studio Solution File, Format Version 12.00
# Visual Studio 15
VisualStudioVersion = 15.0.28307.102
MinimumVisualStudioVersion = 10.0.40219.1
Project("{FAE04EC0-301F-11D3-BF4B-00C04F79EFBC}") = "7.1", "7.1\7.1.csproj", "{F6F4708B-3C49-4B76-8604-D892C0A89877}"
EndProject
Project("{FAE04EC0-301F-11D3-BF4B-00C04F79EFBC}") = "7.4", "7.4\7.4.csproj", "{92271156-99A0-46F7-B3B3-5924F6254581}"
EndProject
Global
	GlobalSection(SolutionConfigurationPlatforms) = preSolution
		Debug|Any CPU = Debug|Any CPU
		Release|Any CPU = Release|Any CPU
	EndGlobalSection
	GlobalSection(ProjectConfigurationPlatforms) = postSolution
		{F6F4708B-3C49-4B76-8604-D892C0A89877}.Debug|Any CPU.ActiveCfg = Debug|Any CPU
		{F6F4708B-3C49-4B76-8604-D892C0A89877}.Debug|Any CPU.Build.0 = Debug|Any CPU
		{F6F4708B-3C49-4B76-8604-D892C0A89877}.Release|Any CPU.ActiveCfg = Release|Any CPU
		{F6F4708B-3C49-4B76-8604-D892C0A89877}.Release|Any CPU.Build.0 = Release|Any CPU
		{92271156-99A0-46F7-B3B3-5924F6254581}.Debug|Any CPU.ActiveCfg = Debug|Any CPU
		{92271156-99A0-46F7-B3B3-5924F6254581}.Debug|Any CPU.Build.0 = Debug|Any CPU
		{92271156-99A0-46F7-B3B3-5924F6254581}.Release|Any CPU.ActiveCfg = Release|Any CPU
		{92271156-99A0-46F7-B3B3-5924F6254581}.Release|Any CPU.Build.0 = Release|Any CPU
	EndGlobalSection
	GlobalSection(SolutionProperties) = preSolution
		HideSolutionNode = FALSE
	EndGlobalSection
	GlobalSection(ExtensibilityGlobals) = postSolution
		SolutionGuid = {54446BCB-6520-459E-85FA-A54DD7FD1854}
	EndGlobalSection
EndGlobal
