
Microsoft Visual Studio Solution File, Format Version 12.00
# Visual Studio 15
VisualStudioVersion = 15.0.28307.102
MinimumVisualStudioVersion = 10.0.40219.1
Project("{FAE04EC0-301F-11D3-BF4B-00C04F79EFBC}") = "6.1-tm.6.15", "6.1-tm.6.15\6.1-tm.6.15.csproj", "{92C7F27E-A1D9-4905-BD26-0C0567A41C7E}"
EndProject
Project("{FAE04EC0-301F-11D3-BF4B-00C04F79EFBC}") = "6.0 (structuur voorbeed)", "6.0 (structuur voorbeed)\6.0 (structuur voorbeed).csproj", "{7F47B45C-1999-4052-B005-DC6434FFD718}"
EndProject
Project("{FAE04EC0-301F-11D3-BF4B-00C04F79EFBC}") = "6.2", "6.2\6.2.csproj", "{5B463D9B-EC3D-4986-BECF-3A469ABEA8F9}"
EndProject
Project("{FAE04EC0-301F-11D3-BF4B-00C04F79EFBC}") = "6.1", "6.1\6.1.csproj", "{98364A69-B726-4AA4-BCB8-21C22D93C4AB}"
EndProject
Project("{FAE04EC0-301F-11D3-BF4B-00C04F79EFBC}") = "6.3", "6.3\6.3.csproj", "{3DEF8366-1ADE-4394-B8A0-07AE41DF82C9}"
EndProject
Project("{FAE04EC0-301F-11D3-BF4B-00C04F79EFBC}") = "6.4", "6.4\6.4.csproj", "{3A664AB8-2E90-4CA9-A175-0A7B389092BF}"
EndProject
Project("{FAE04EC0-301F-11D3-BF4B-00C04F79EFBC}") = "6.5", "6.5\6.5.csproj", "{042C5962-527D-4C4E-8D94-DFD200134559}"
EndProject
Project("{FAE04EC0-301F-11D3-BF4B-00C04F79EFBC}") = "6.6", "6.6\6.6.csproj", "{67D18ADB-1E83-435D-82C9-FC778518C6B0}"
EndProject
Project("{FAE04EC0-301F-11D3-BF4B-00C04F79EFBC}") = "6.7", "6.7\6.7.csproj", "{A8796B81-1744-44C1-B99E-5BBEDD48021C}"
EndProject
Project("{FAE04EC0-301F-11D3-BF4B-00C04F79EFBC}") = "6.11", "6.11\6.11.csproj", "{08CD9DAD-1472-48A0-822F-34B9676C03D8}"
EndProject
Project("{FAE04EC0-301F-11D3-BF4B-00C04F79EFBC}") = "6.15", "6.15\6.15.csproj", "{2A08CD26-FFAA-46CA-BFD9-D16B39EE2D34}"
EndProject
Global
	GlobalSection(SolutionConfigurationPlatforms) = preSolution
		Debug|Any CPU = Debug|Any CPU
		Release|Any CPU = Release|Any CPU
	EndGlobalSection
	GlobalSection(ProjectConfigurationPlatforms) = postSolution
		{92C7F27E-A1D9-4905-BD26-0C0567A41C7E}.Debug|Any CPU.ActiveCfg = Debug|Any CPU
		{92C7F27E-A1D9-4905-BD26-0C0567A41C7E}.Debug|Any CPU.Build.0 = Debug|Any CPU
		{92C7F27E-A1D9-4905-BD26-0C0567A41C7E}.Release|Any CPU.ActiveCfg = Release|Any CPU
		{92C7F27E-A1D9-4905-BD26-0C0567A41C7E}.Release|Any CPU.Build.0 = Release|Any CPU
		{7F47B45C-1999-4052-B005-DC6434FFD718}.Debug|Any CPU.ActiveCfg = Debug|Any CPU
		{7F47B45C-1999-4052-B005-DC6434FFD718}.Debug|Any CPU.Build.0 = Debug|Any CPU
		{7F47B45C-1999-4052-B005-DC6434FFD718}.Release|Any CPU.ActiveCfg = Release|Any CPU
		{7F47B45C-1999-4052-B005-DC6434FFD718}.Release|Any CPU.Build.0 = Release|Any CPU
		{5B463D9B-EC3D-4986-BECF-3A469ABEA8F9}.Debug|Any CPU.ActiveCfg = Debug|Any CPU
		{5B463D9B-EC3D-4986-BECF-3A469ABEA8F9}.Debug|Any CPU.Build.0 = Debug|Any CPU
		{5B463D9B-EC3D-4986-BECF-3A469ABEA8F9}.Release|Any CPU.ActiveCfg = Release|Any CPU
		{5B463D9B-EC3D-4986-BECF-3A469ABEA8F9}.Release|Any CPU.Build.0 = Release|Any CPU
		{98364A69-B726-4AA4-BCB8-21C22D93C4AB}.Debug|Any CPU.ActiveCfg = Debug|Any CPU
		{98364A69-B726-4AA4-BCB8-21C22D93C4AB}.Debug|Any CPU.Build.0 = Debug|Any CPU
		{98364A69-B726-4AA4-BCB8-21C22D93C4AB}.Release|Any CPU.ActiveCfg = Release|Any CPU
		{98364A69-B726-4AA4-BCB8-21C22D93C4AB}.Release|Any CPU.Build.0 = Release|Any CPU
		{3DEF8366-1ADE-4394-B8A0-07AE41DF82C9}.Debug|Any CPU.ActiveCfg = Debug|Any CPU
		{3DEF8366-1ADE-4394-B8A0-07AE41DF82C9}.Debug|Any CPU.Build.0 = Debug|Any CPU
		{3DEF8366-1ADE-4394-B8A0-07AE41DF82C9}.Release|Any CPU.ActiveCfg = Release|Any CPU
		{3DEF8366-1ADE-4394-B8A0-07AE41DF82C9}.Release|Any CPU.Build.0 = Release|Any CPU
		{3A664AB8-2E90-4CA9-A175-0A7B389092BF}.Debug|Any CPU.ActiveCfg = Debug|Any CPU
		{3A664AB8-2E90-4CA9-A175-0A7B389092BF}.Debug|Any CPU.Build.0 = Debug|Any CPU
		{3A664AB8-2E90-4CA9-A175-0A7B389092BF}.Release|Any CPU.ActiveCfg = Release|Any CPU
		{3A664AB8-2E90-4CA9-A175-0A7B389092BF}.Release|Any CPU.Build.0 = Release|Any CPU
		{042C5962-527D-4C4E-8D94-DFD200134559}.Debug|Any CPU.ActiveCfg = Debug|Any CPU
		{042C5962-527D-4C4E-8D94-DFD200134559}.Debug|Any CPU.Build.0 = Debug|Any CPU
		{042C5962-527D-4C4E-8D94-DFD200134559}.Release|Any CPU.ActiveCfg = Release|Any CPU
		{042C5962-527D-4C4E-8D94-DFD200134559}.Release|Any CPU.Build.0 = Release|Any CPU
		{67D18ADB-1E83-435D-82C9-FC778518C6B0}.Debug|Any CPU.ActiveCfg = Debug|Any CPU
		{67D18ADB-1E83-435D-82C9-FC778518C6B0}.Debug|Any CPU.Build.0 = Debug|Any CPU
		{67D18ADB-1E83-435D-82C9-FC778518C6B0}.Release|Any CPU.ActiveCfg = Release|Any CPU
		{67D18ADB-1E83-435D-82C9-FC778518C6B0}.Release|Any CPU.Build.0 = Release|Any CPU
		{A8796B81-1744-44C1-B99E-5BBEDD48021C}.Debug|Any CPU.ActiveCfg = Debug|Any CPU
		{A8796B81-1744-44C1-B99E-5BBEDD48021C}.Debug|Any CPU.Build.0 = Debug|Any CPU
		{A8796B81-1744-44C1-B99E-5BBEDD48021C}.Release|Any CPU.ActiveCfg = Release|Any CPU
		{A8796B81-1744-44C1-B99E-5BBEDD48021C}.Release|Any CPU.Build.0 = Release|Any CPU
		{08CD9DAD-1472-48A0-822F-34B9676C03D8}.Debug|Any CPU.ActiveCfg = Debug|Any CPU
		{08CD9DAD-1472-48A0-822F-34B9676C03D8}.Debug|Any CPU.Build.0 = Debug|Any CPU
		{08CD9DAD-1472-48A0-822F-34B9676C03D8}.Release|Any CPU.ActiveCfg = Release|Any CPU
		{08CD9DAD-1472-48A0-822F-34B9676C03D8}.Release|Any CPU.Build.0 = Release|Any CPU
		{2A08CD26-FFAA-46CA-BFD9-D16B39EE2D34}.Debug|Any CPU.ActiveCfg = Debug|Any CPU
		{2A08CD26-FFAA-46CA-BFD9-D16B39EE2D34}.Debug|Any CPU.Build.0 = Debug|Any CPU
		{2A08CD26-FFAA-46CA-BFD9-D16B39EE2D34}.Release|Any CPU.ActiveCfg = Release|Any CPU
		{2A08CD26-FFAA-46CA-BFD9-D16B39EE2D34}.Release|Any CPU.Build.0 = Release|Any CPU
	EndGlobalSection
	GlobalSection(SolutionProperties) = preSolution
		HideSolutionNode = FALSE
	EndGlobalSection
	GlobalSection(ExtensibilityGlobals) = postSolution
		SolutionGuid = {AB0B3911-96B5-4A5F-BFF5-14A39EA80773}
	EndGlobalSection
EndGlobal
